
Microsoft Visual Studio Solution File, Format Version 12.00
# Visual Studio Version 17
VisualStudioVersion = 17.2.32616.157
MinimumVisualStudioVersion = 10.0.40219.1
Project("{FAE04EC0-301F-11D3-BF4B-00C04F79EFBC}") = "RM_211092", "RM_211092\RM_211092.csproj", "{EEE01434-B5BF-4A5E-A02C-738AD03206EC}"
EndProject
Global
	GlobalSection(SolutionConfigurationPlatforms) = preSolution
		Debug|Any CPU = Debug|Any CPU
		Release|Any CPU = Release|Any CPU
	EndGlobalSection
	GlobalSection(ProjectConfigurationPlatforms) = postSolution
		{EEE01434-B5BF-4A5E-A02C-738AD03206EC}.Debug|Any CPU.ActiveCfg = Debug|Any CPU
		{EEE01434-B5BF-4A5E-A02C-738AD03206EC}.Debug|Any CPU.Build.0 = Debug|Any CPU
		{EEE01434-B5BF-4A5E-A02C-738AD03206EC}.Release|Any CPU.ActiveCfg = Release|Any CPU
		{EEE01434-B5BF-4A5E-A02C-738AD03206EC}.Release|Any CPU.Build.0 = Release|Any CPU
	EndGlobalSection
	GlobalSection(SolutionProperties) = preSolution
		HideSolutionNode = FALSE
	EndGlobalSection
	GlobalSection(ExtensibilityGlobals) = postSolution
		SolutionGuid = {FFAAA2B1-51BC-47C8-A28A-7896E4307972}
	EndGlobalSection
EndGlobal
